// !$*UTF8*$!
{
	archiveVersion = 1;
	classes = {
	};
	objectVersion = 46;
	objects = {

/* Begin PBXBuildFile section */
		E9B2034D1D07B1B2007A3253 /* main.m in Sources */ = {isa = PBXBuildFile; fileRef = E9B2034C1D07B1B2007A3253 /* main.m */; };
		E9B203551D07B254007A3253 /* property.m in Sources */ = {isa = PBXBuildFile; fileRef = E9B203541D07B254007A3253 /* property.m */; };
		E9B203581D07D633007A3253 /* memoryControl.m in Sources */ = {isa = PBXBuildFile; fileRef = E9B203571D07D633007A3253 /* memoryControl.m */; };
/* End PBXBuildFile section */

/* Begin PBXCopyFilesBuildPhase section */
		E9B203471D07B1B2007A3253 /* CopyFiles */ = {
			isa = PBXCopyFilesBuildPhase;
			buildActionMask = 2147483647;
			dstPath = /usr/share/man/man1/;
			dstSubfolderSpec = 0;
			files = (
			);
			runOnlyForDeploymentPostprocessing = 1;
		};
/* End PBXCopyFilesBuildPhase section */

/* Begin PBXFileReference section */
		E9B203491D07B1B2007A3253 /* propertyPractice */ = {isa = PBXFileReference; explicitFileType = "compiled.mach-o.executable"; includeInIndex = 0; path = propertyPractice; sourceTree = BUILT_PRODUCTS_DIR; };
		E9B2034C1D07B1B2007A3253 /* main.m */ = {isa = PBXFileReference; lastKnownFileType = sourcecode.c.objc; path = main.m; sourceTree = "<group>"; };
		E9B203531D07B254007A3253 /* property.h */ = {isa = PBXFileReference; fileEncoding = 4; lastKnownFileType = sourcecode.c.h; path = property.h; sourceTree = "<group>"; };
		E9B203541D07B254007A3253 /* property.m */ = {isa = PBXFileReference; fileEncoding = 4; lastKnownFileType = sourcecode.c.objc; path = property.m; sourceTree = "<group>"; };
		E9B203561D07D633007A3253 /* memoryControl.h */ = {isa = PBXFileReference; fileEncoding = 4; lastKnownFileType = sourcecode.c.h; path = memoryControl.h; sourceTree = "<group>"; };
		E9B203571D07D633007A3253 /* memoryControl.m */ = {isa = PBXFileReference; fileEncoding = 4; lastKnownFileType = sourcecode.c.objc; path = memoryControl.m; sourceTree = "<group>"; };
/* End PBXFileReference section */

/* Begin PBXFrameworksBuildPhase section */
		E9B203461D07B1B2007A3253 /* Frameworks */ = {
			isa = PBXFrameworksBuildPhase;
			buildActionMask = 2147483647;
			files = (
			);
			runOnlyForDeploymentPostprocessing = 0;
		};
/* End PBXFrameworksBuildPhase section */

/* Begin PBXGroup section */
		E9B203401D07B1B2007A3253 = {
			isa = PBXGroup;
			children = (
				E9B2034B1D07B1B2007A3253 /* propertyPractice */,
				E9B2034A1D07B1B2007A3253 /* Products */,
			);
			sourceTree = "<group>";
		};
		E9B2034A1D07B1B2007A3253 /* Products */ = {
			isa = PBXGroup;
			children = (
				E9B203491D07B1B2007A3253 /* propertyPractice */,
			);
			name = Products;
			sourceTree = "<group>";
		};
		E9B2034B1D07B1B2007A3253 /* propertyPractice */ = {
			isa = PBXGroup;
			children = (
				E9B2034C1D07B1B2007A3253 /* main.m */,
				E9B203541D07B254007A3253 /* property.m */,
				E9B203561D07D633007A3253 /* memoryControl.h */,
				E9B203571D07D633007A3253 /* memoryControl.m */,
				E9B203531D07B254007A3253 /* property.h */,
			);
			path = propertyPractice;
			sourceTree = "<group>";
		};
/* End PBXGroup section */

/* Begin PBXNativeTarget section */
		E9B203481D07B1B2007A3253 /* propertyPractice */ = {
			isa = PBXNativeTarget;
			buildConfigurationList = E9B203501D07B1B2007A3253 /* Build configuration list for PBXNativeTarget "propertyPractice" */;
			buildPhases = (
				E9B203451D07B1B2007A3253 /* Sources */,
				E9B203461D07B1B2007A3253 /* Frameworks */,
				E9B203471D07B1B2007A3253 /* CopyFiles */,
			);
			buildRules = (
			);
			dependencies = (
			);
			name = propertyPractice;
			productName = propertyPractice;
			productReference = E9B203491D07B1B2007A3253 /* propertyPractice */;
			productType = "com.apple.product-type.tool";
		};
/* End PBXNativeTarget section */

/* Begin PBXProject section */
		E9B203411D07B1B2007A3253 /* Project object */ = {
			isa = PBXProject;
			attributes = {
				LastUpgradeCheck = 0710;
				ORGANIZATIONNAME = "Minami Kyohei";
				TargetAttributes = {
					E9B203481D07B1B2007A3253 = {
						CreatedOnToolsVersion = 7.1.1;
					};
				};
			};
			buildConfigurationList = E9B203441D07B1B2007A3253 /* Build configuration list for PBXProject "propertyPractice" */;
			compatibilityVersion = "Xcode 3.2";
			developmentRegion = English;
			hasScannedForEncodings = 0;
			knownRegions = (
				en,
			);
			mainGroup = E9B203401D07B1B2007A3253;
			productRefGroup = E9B2034A1D07B1B2007A3253 /* Products */;
			projectDirPath = "";
			projectRoot = "";
			targets = (
				E9B203481D07B1B2007A3253 /* propertyPractice */,
			);
		};
/* End PBXProject section */

/* Begin PBXSourcesBuildPhase section */
		E9B203451D07B1B2007A3253 /* Sources */ = {
			isa = PBXSourcesBuildPhase;
			buildActionMask = 2147483647;
			files = (
				E9B203551D07B254007A3253 /* property.m in Sources */,
				E9B203581D07D633007A3253 /* memoryControl.m in Sources */,
				E9B2034D1D07B1B2007A3253 /* main.m in Sources */,
			);
			runOnlyForDeploymentPostprocessing = 0;
		};
/* End PBXSourcesBuildPhase section */

/* Begin XCBuildConfiguration section */
		E9B2034E1D07B1B2007A3253 /* Debug */ = {
			isa = XCBuildConfiguration;
			buildSettings = {
				ALWAYS_SEARCH_USER_PATHS = NO;
				CLANG_CXX_LANGUAGE_STANDARD = "gnu++0x";
				CLANG_CXX_LIBRARY = "libc++";
				CLANG_ENABLE_MODULES = YES;
				CLANG_ENABLE_OBJC_ARC = YES;
				CLANG_WARN_BOOL_CONVERSION = YES;
				CLANG_WARN_CONSTANT_CONVERSION = YES;
				CLANG_WARN_DIRECT_OBJC_ISA_USAGE = YES_ERROR;
				CLANG_WARN_EMPTY_BODY = YES;
				CLANG_WARN_ENUM_CONVERSION = YES;
				CLANG_WARN_INT_CONVERSION = YES;
				CLANG_WARN_OBJC_ROOT_CLASS = YES_ERROR;
				CLANG_WARN_UNREACHABLE_CODE = YES;
				CLANG_WARN__DUPLICATE_METHOD_MATCH = YES;
				CODE_SIGN_IDENTITY = "-";
				COPY_PHASE_STRIP = NO;
				DEBUG_INFORMATION_FORMAT = dwarf;
				ENABLE_STRICT_OBJC_MSGSEND = YES;
				ENABLE_TESTABILITY = YES;
				GCC_C_LANGUAGE_STANDARD = gnu99;
				GCC_DYNAMIC_NO_PIC = NO;
				GCC_NO_COMMON_BLOCKS = YES;
				GCC_OPTIMIZATION_LEVEL = 0;
				GCC_PREPROCESSOR_DEFINITIONS = (
					"DEBUG=1",
					"$(inherited)",
				);
				GCC_WARN_64_TO_32_BIT_CONVERSION = YES;
				GCC_WARN_ABOUT_RETURN_TYPE = YES_ERROR;
				GCC_WARN_UNDECLARED_SELECTOR = YES;
				GCC_WARN_UNINITIALIZED_AUTOS = YES_AGGRESSIVE;
				GCC_WARN_UNUSED_FUNCTION = YES;
				GCC_WARN_UNUSED_VARIABLE = YES;
				MACOSX_DEPLOYMENT_TARGET = 10.10;
				MTL_ENABLE_DEBUG_INFO = YES;
				ONLY_ACTIVE_ARCH = YES;
				SDKROOT = macosx;
			};
			name = Debug;
		};
		E9B2034F1D07B1B2007A3253 /* Release */ = {
			isa = XCBuildConfiguration;
			buildSettings = {
				ALWAYS_SEARCH_USER_PATHS = NO;
				CLANG_CXX_LANGUAGE_STANDARD = "gnu++0x";
				CLANG_CXX_LIBRARY = "libc++";
				CLANG_ENABLE_MODULES = YES;
				CLANG_ENABLE_OBJC_ARC = YES;
				CLANG_WARN_BOOL_CONVERSION = YES;
				CLANG_WARN_CONSTANT_CONVERSION = YES;
				CLANG_WARN_DIRECT_OBJC_ISA_USAGE = YES_ERROR;
				CLANG_WARN_EMPTY_BODY = YES;
				CLANG_WARN_ENUM_CONVERSION = YES;
				CLANG_WARN_INT_CONVERSION = YES;
				CLANG_WARN_OBJC_ROOT_CLASS = YES_ERROR;
				CLANG_WARN_UNREACHABLE_CODE = YES;
				CLANG_WARN__DUPLICATE_METHOD_MATCH = YES;
				CODE_SIGN_IDENTITY = "-";
				COPY_PHASE_STRIP = NO;
				DEBUG_INFORMATION_FORMAT = "dwarf-with-dsym";
				ENABLE_NS_ASSERTIONS = NO;
				ENABLE_STRICT_OBJC_MSGSEND = YES;
				GCC_C_LANGUAGE_STANDARD = gnu99;
				GCC_NO_COMMON_BLOCKS = YES;
				GCC_WARN_64_TO_32_BIT_CONVERSION = YES;
				GCC_WARN_ABOUT_RETURN_TYPE = YES_ERROR;
				GCC_WARN_UNDECLARED_SELECTOR = YES;
				GCC_WARN_UNINITIALIZED_AUTOS = YES_AGGRESSIVE;
				GCC_WARN_UNUSED_FUNCTION = YES;
				GCC_WARN_UNUSED_VARIABLE = YES;
				MACOSX_DEPLOYMENT_TARGET = 10.10;
				MTL_ENABLE_DEBUG_INFO = NO;
				SDKROOT = macosx;
			};
			name = Release;
		};
		E9B203511D07B1B2007A3253 /* Debug */ = {
			isa = XCBuildConfiguration;
			buildSettings = {
				PRODUCT_NAME = "$(TARGET_NAME)";
			};
			name = Debug;
		};
		E9B203521D07B1B2007A3253 /* Release */ = {
			isa = XCBuildConfiguration;
			buildSettings = {
				PRODUCT_NAME = "$(TARGET_NAME)";
			};
			name = Release;
		};
/* End XCBuildConfiguration section */

/* Begin XCConfigurationList section */
		E9B203441D07B1B2007A3253 /* Build configuration list for PBXProject "propertyPractice" */ = {
			isa = XCConfigurationList;
			buildConfigurations = (
				E9B2034E1D07B1B2007A3253 /* Debug */,
				E9B2034F1D07B1B2007A3253 /* Release */,
			);
			defaultConfigurationIsVisible = 0;
			defaultConfigurationName = Release;
		};
		E9B203501D07B1B2007A3253 /* Build configuration list for PBXNativeTarget "propertyPractice" */ = {
			isa = XCConfigurationList;
			buildConfigurations = (
				E9B203511D07B1B2007A3253 /* Debug */,
				E9B203521D07B1B2007A3253 /* Release */,
			);
			defaultConfigurationIsVisible = 0;
		};
/* End XCConfigurationList section */
	};
	rootObject = E9B203411D07B1B2007A3253 /* Project object */;
}
